# This file is automatically @generated by Cargo.
# It is not intended for manual editing.
version = 3

[[package]]
name = "gfxsrc"
version = "0.1.2"
source = "git+https://github.com/Aeonix-OHG/GfxSrc#117e3e7577d6ccddf06857977176638e7acf68a6"

[[package]]
name = "npf-picture-viewer"
version = "0.1.0"
dependencies = [
 "gfxsrc",
]
